
Microsoft Visual Studio Solution File, Format Version 12.00
# Visual Studio Version 17
VisualStudioVersion = 17.0.32112.339
MinimumVisualStudioVersion = 10.0.40219.1
Project("{FAE04EC0-301F-11D3-BF4B-00C04F79EFBC}") = "omerWCF", "omerWCF.csproj", "{96B297DE-40CF-434D-9D2C-902A6BE96311}"
EndProject
Project("{FAE04EC0-301F-11D3-BF4B-00C04F79EFBC}") = "WebServiceCS", "..\WebServiceCS\WebServiceCS.csproj", "{4F803FAE-0AF6-4EA1-8E7A-D56D6BF28B13}"
EndProject
Global
	GlobalSection(SolutionConfigurationPlatforms) = preSolution
		Debug|Any CPU = Debug|Any CPU
		Release|Any CPU = Release|Any CPU
	EndGlobalSection
	GlobalSection(ProjectConfigurationPlatforms) = postSolution
		{96B297DE-40CF-434D-9D2C-902A6BE96311}.Debug|Any CPU.ActiveCfg = Debug|Any CPU
		{96B297DE-40CF-434D-9D2C-902A6BE96311}.Debug|Any CPU.Build.0 = Debug|Any CPU
		{96B297DE-40CF-434D-9D2C-902A6BE96311}.Release|Any CPU.ActiveCfg = Release|Any CPU
		{96B297DE-40CF-434D-9D2C-902A6BE96311}.Release|Any CPU.Build.0 = Release|Any CPU
		{4F803FAE-0AF6-4EA1-8E7A-D56D6BF28B13}.Debug|Any CPU.ActiveCfg = Debug|Any CPU
		{4F803FAE-0AF6-4EA1-8E7A-D56D6BF28B13}.Debug|Any CPU.Build.0 = Debug|Any CPU
		{4F803FAE-0AF6-4EA1-8E7A-D56D6BF28B13}.Release|Any CPU.ActiveCfg = Release|Any CPU
		{4F803FAE-0AF6-4EA1-8E7A-D56D6BF28B13}.Release|Any CPU.Build.0 = Release|Any CPU
	EndGlobalSection
	GlobalSection(SolutionProperties) = preSolution
		HideSolutionNode = FALSE
	EndGlobalSection
	GlobalSection(ExtensibilityGlobals) = postSolution
		SolutionGuid = {D178DE76-D926-46D1-AE59-45D29405F34E}
	EndGlobalSection
EndGlobal
